
Microsoft Visual Studio Solution File, Format Version 12.00
# Visual Studio Version 16
VisualStudioVersion = 16.0.30002.166
MinimumVisualStudioVersion = 10.0.40219.1
Project("{FAE04EC0-301F-11D3-BF4B-00C04F79EFBC}") = "Budget", "Budget\Budget.csproj", "{4E20E168-DC20-457D-B24E-5916D5FF98B2}"
EndProject
Global
	GlobalSection(SolutionConfigurationPlatforms) = preSolution
		Debug|Any CPU = Debug|Any CPU
		Release|Any CPU = Release|Any CPU
	EndGlobalSection
	GlobalSection(ProjectConfigurationPlatforms) = postSolution
		{4E20E168-DC20-457D-B24E-5916D5FF98B2}.Debug|Any CPU.ActiveCfg = Debug|Any CPU
		{4E20E168-DC20-457D-B24E-5916D5FF98B2}.Debug|Any CPU.Build.0 = Debug|Any CPU
		{4E20E168-DC20-457D-B24E-5916D5FF98B2}.Release|Any CPU.ActiveCfg = Release|Any CPU
		{4E20E168-DC20-457D-B24E-5916D5FF98B2}.Release|Any CPU.Build.0 = Release|Any CPU
	EndGlobalSection
	GlobalSection(SolutionProperties) = preSolution
		HideSolutionNode = FALSE
	EndGlobalSection
	GlobalSection(ExtensibilityGlobals) = postSolution
		SolutionGuid = {02FD564D-48F3-4D2E-9309-2FDEDC298084}
	EndGlobalSection
EndGlobal
